// !$*UTF8*$!
{
	archiveVersion = 1;
	classes = {
	};
	objectVersion = 56;
	objects = {

/* Begin PBXBuildFile section */
		664A1BF02985F0B400BE1A14 /* AppDelegate.swift in Sources */ = {isa = PBXBuildFile; fileRef = 664A1BEF2985F0B400BE1A14 /* AppDelegate.swift */; };
		664A1BF22985F0B400BE1A14 /* SceneDelegate.swift in Sources */ = {isa = PBXBuildFile; fileRef = 664A1BF12985F0B400BE1A14 /* SceneDelegate.swift */; };
		664A1BF42985F0B400BE1A14 /* ViewController.swift in Sources */ = {isa = PBXBuildFile; fileRef = 664A1BF32985F0B400BE1A14 /* ViewController.swift */; };
		664A1BF72985F0B400BE1A14 /* Main.storyboard in Resources */ = {isa = PBXBuildFile; fileRef = 664A1BF52985F0B400BE1A14 /* Main.storyboard */; };
		664A1BF92985F0B500BE1A14 /* Assets.xcassets in Resources */ = {isa = PBXBuildFile; fileRef = 664A1BF82985F0B500BE1A14 /* Assets.xcassets */; };
		664A1BFC2985F0B500BE1A14 /* LaunchScreen.storyboard in Resources */ = {isa = PBXBuildFile; fileRef = 664A1BFA2985F0B500BE1A14 /* LaunchScreen.storyboard */; };
		664A1C082985F18A00BE1A14 /* Decomposed in Frameworks */ = {isa = PBXBuildFile; productRef = 664A1C072985F18A00BE1A14 /* Decomposed */; };
		664A1C0A2985F3BD00BE1A14 /* BouncyView.swift in Sources */ = {isa = PBXBuildFile; fileRef = 664A1C092985F3BD00BE1A14 /* BouncyView.swift */; };
		664A1C0E298743E300BE1A14 /* Motion in Frameworks */ = {isa = PBXBuildFile; productRef = 664A1C0D298743E300BE1A14 /* Motion */; };
/* End PBXBuildFile section */

/* Begin PBXFileReference section */
		664A1BEC2985F0B400BE1A14 /* MotionMovieMaker.app */ = {isa = PBXFileReference; explicitFileType = wrapper.application; includeInIndex = 0; path = MotionMovieMaker.app; sourceTree = BUILT_PRODUCTS_DIR; };
		664A1BEF2985F0B400BE1A14 /* AppDelegate.swift */ = {isa = PBXFileReference; lastKnownFileType = sourcecode.swift; path = AppDelegate.swift; sourceTree = "<group>"; };
		664A1BF12985F0B400BE1A14 /* SceneDelegate.swift */ = {isa = PBXFileReference; lastKnownFileType = sourcecode.swift; path = SceneDelegate.swift; sourceTree = "<group>"; };
		664A1BF32985F0B400BE1A14 /* ViewController.swift */ = {isa = PBXFileReference; lastKnownFileType = sourcecode.swift; path = ViewController.swift; sourceTree = "<group>"; };
		664A1BF62985F0B400BE1A14 /* Base */ = {isa = PBXFileReference; lastKnownFileType = file.storyboard; name = Base; path = Base.lproj/Main.storyboard; sourceTree = "<group>"; };
		664A1BF82985F0B500BE1A14 /* Assets.xcassets */ = {isa = PBXFileReference; lastKnownFileType = folder.assetcatalog; path = Assets.xcassets; sourceTree = "<group>"; };
		664A1BFB2985F0B500BE1A14 /* Base */ = {isa = PBXFileReference; lastKnownFileType = file.storyboard; name = Base; path = Base.lproj/LaunchScreen.storyboard; sourceTree = "<group>"; };
		664A1BFD2985F0B500BE1A14 /* Info.plist */ = {isa = PBXFileReference; lastKnownFileType = text.plist.xml; path = Info.plist; sourceTree = "<group>"; };
		664A1C092985F3BD00BE1A14 /* BouncyView.swift */ = {isa = PBXFileReference; lastKnownFileType = sourcecode.swift; path = BouncyView.swift; sourceTree = "<group>"; };
		664A1C0F298794E700BE1A14 /* MotionMovieMaker-Bridging-Header.h */ = {isa = PBXFileReference; lastKnownFileType = sourcecode.c.h; path = "MotionMovieMaker-Bridging-Header.h"; sourceTree = "<group>"; };
		664A1C19298A12BC00BE1A14 /* Motion */ = {isa = PBXFileReference; lastKnownFileType = wrapper; name = Motion; path = ../../..; sourceTree = "<group>"; };
/* End PBXFileReference section */

/* Begin PBXFrameworksBuildPhase section */
		664A1BE92985F0B400BE1A14 /* Frameworks */ = {
			isa = PBXFrameworksBuildPhase;
			buildActionMask = 2147483647;
			files = (
				664A1C0E298743E300BE1A14 /* Motion in Frameworks */,
				664A1C082985F18A00BE1A14 /* Decomposed in Frameworks */,
			);
			runOnlyForDeploymentPostprocessing = 0;
		};
/* End PBXFrameworksBuildPhase section */

/* Begin PBXGroup section */
		664A1BE32985F0B400BE1A14 = {
			isa = PBXGroup;
			children = (
				664A1BEE2985F0B400BE1A14 /* MotionMovieMaker */,
				664A1BED2985F0B400BE1A14 /* Products */,
				664A1C0C298743E300BE1A14 /* Frameworks */,
			);
			sourceTree = "<group>";
		};
		664A1BED2985F0B400BE1A14 /* Products */ = {
			isa = PBXGroup;
			children = (
				664A1BEC2985F0B400BE1A14 /* MotionMovieMaker.app */,
			);
			name = Products;
			sourceTree = "<group>";
		};
		664A1BEE2985F0B400BE1A14 /* MotionMovieMaker */ = {
			isa = PBXGroup;
			children = (
				664A1BEF2985F0B400BE1A14 /* AppDelegate.swift */,
				664A1BF12985F0B400BE1A14 /* SceneDelegate.swift */,
				664A1BF32985F0B400BE1A14 /* ViewController.swift */,
				664A1C092985F3BD00BE1A14 /* BouncyView.swift */,
				664A1BF52985F0B400BE1A14 /* Main.storyboard */,
				664A1BF82985F0B500BE1A14 /* Assets.xcassets */,
				664A1BFA2985F0B500BE1A14 /* LaunchScreen.storyboard */,
				664A1BFD2985F0B500BE1A14 /* Info.plist */,
				664A1C19298A12BC00BE1A14 /* Motion */,
				664A1C0F298794E700BE1A14 /* MotionMovieMaker-Bridging-Header.h */,
			);
			path = MotionMovieMaker;
			sourceTree = "<group>";
		};
		664A1C0C298743E300BE1A14 /* Frameworks */ = {
			isa = PBXGroup;
			children = (
			);
			name = Frameworks;
			sourceTree = "<group>";
		};
/* End PBXGroup section */

/* Begin PBXNativeTarget section */
		664A1BEB2985F0B400BE1A14 /* MotionMovieMaker */ = {
			isa = PBXNativeTarget;
			buildConfigurationList = 664A1C002985F0B500BE1A14 /* Build configuration list for PBXNativeTarget "MotionMovieMaker" */;
			buildPhases = (
				664A1BE82985F0B400BE1A14 /* Sources */,
				664A1BE92985F0B400BE1A14 /* Frameworks */,
				664A1BEA2985F0B400BE1A14 /* Resources */,
			);
			buildRules = (
			);
			dependencies = (
			);
			name = MotionMovieMaker;
			packageProductDependencies = (
				664A1C072985F18A00BE1A14 /* Decomposed */,
				664A1C0D298743E300BE1A14 /* Motion */,
			);
			productName = MotionMovieMaker;
			productReference = 664A1BEC2985F0B400BE1A14 /* MotionMovieMaker.app */;
			productType = "com.apple.product-type.application";
		};
/* End PBXNativeTarget section */

/* Begin PBXProject section */
		664A1BE42985F0B400BE1A14 /* Project object */ = {
			isa = PBXProject;
			attributes = {
				BuildIndependentTargetsInParallel = 1;
				LastSwiftUpdateCheck = 1420;
				LastUpgradeCheck = 1420;
				TargetAttributes = {
					664A1BEB2985F0B400BE1A14 = {
						CreatedOnToolsVersion = 14.2;
						LastSwiftMigration = 1420;
					};
				};
			};
			buildConfigurationList = 664A1BE72985F0B400BE1A14 /* Build configuration list for PBXProject "MotionMovieMaker" */;
			compatibilityVersion = "Xcode 14.0";
			developmentRegion = en;
			hasScannedForEncodings = 0;
			knownRegions = (
				en,
				Base,
			);
			mainGroup = 664A1BE32985F0B400BE1A14;
			packageReferences = (
				664A1C062985F18A00BE1A14 /* XCRemoteSwiftPackageReference "Decomposed" */,
			);
			productRefGroup = 664A1BED2985F0B400BE1A14 /* Products */;
			projectDirPath = "";
			projectRoot = "";
			targets = (
				664A1BEB2985F0B400BE1A14 /* MotionMovieMaker */,
			);
		};
/* End PBXProject section */

/* Begin PBXResourcesBuildPhase section */
		664A1BEA2985F0B400BE1A14 /* Resources */ = {
			isa = PBXResourcesBuildPhase;
			buildActionMask = 2147483647;
			files = (
				664A1BFC2985F0B500BE1A14 /* LaunchScreen.storyboard in Resources */,
				664A1BF92985F0B500BE1A14 /* Assets.xcassets in Resources */,
				664A1BF72985F0B400BE1A14 /* Main.storyboard in Resources */,
			);
			runOnlyForDeploymentPostprocessing = 0;
		};
/* End PBXResourcesBuildPhase section */

/* Begin PBXSourcesBuildPhase section */
		664A1BE82985F0B400BE1A14 /* Sources */ = {
			isa = PBXSourcesBuildPhase;
			buildActionMask = 2147483647;
			files = (
				664A1BF42985F0B400BE1A14 /* ViewController.swift in Sources */,
				664A1BF02985F0B400BE1A14 /* AppDelegate.swift in Sources */,
				664A1C0A2985F3BD00BE1A14 /* BouncyView.swift in Sources */,
				664A1BF22985F0B400BE1A14 /* SceneDelegate.swift in Sources */,
			);
			runOnlyForDeploymentPostprocessing = 0;
		};
/* End PBXSourcesBuildPhase section */

/* Begin PBXVariantGroup section */
		664A1BF52985F0B400BE1A14 /* Main.storyboard */ = {
			isa = PBXVariantGroup;
			children = (
				664A1BF62985F0B400BE1A14 /* Base */,
			);
			name = Main.storyboard;
			sourceTree = "<group>";
		};
		664A1BFA2985F0B500BE1A14 /* LaunchScreen.storyboard */ = {
			isa = PBXVariantGroup;
			children = (
				664A1BFB2985F0B500BE1A14 /* Base */,
			);
			name = LaunchScreen.storyboard;
			sourceTree = "<group>";
		};
/* End PBXVariantGroup section */

/* Begin XCBuildConfiguration section */
		664A1BFE2985F0B500BE1A14 /* Debug */ = {
			isa = XCBuildConfiguration;
			buildSettings = {
				ALWAYS_SEARCH_USER_PATHS = NO;
				CLANG_ANALYZER_NONNULL = YES;
				CLANG_ANALYZER_NUMBER_OBJECT_CONVERSION = YES_AGGRESSIVE;
				CLANG_CXX_LANGUAGE_STANDARD = "gnu++20";
				CLANG_ENABLE_MODULES = YES;
				CLANG_ENABLE_OBJC_ARC = YES;
				CLANG_ENABLE_OBJC_WEAK = YES;
				CLANG_WARN_BLOCK_CAPTURE_AUTORELEASING = YES;
				CLANG_WARN_BOOL_CONVERSION = YES;
				CLANG_WARN_COMMA = YES;
				CLANG_WARN_CONSTANT_CONVERSION = YES;
				CLANG_WARN_DEPRECATED_OBJC_IMPLEMENTATIONS = YES;
				CLANG_WARN_DIRECT_OBJC_ISA_USAGE = YES_ERROR;
				CLANG_WARN_DOCUMENTATION_COMMENTS = YES;
				CLANG_WARN_EMPTY_BODY = YES;
				CLANG_WARN_ENUM_CONVERSION = YES;
				CLANG_WARN_INFINITE_RECURSION = YES;
				CLANG_WARN_INT_CONVERSION = YES;
				CLANG_WARN_NON_LITERAL_NULL_CONVERSION = YES;
				CLANG_WARN_OBJC_IMPLICIT_RETAIN_SELF = YES;
				CLANG_WARN_OBJC_LITERAL_CONVERSION = YES;
				CLANG_WARN_OBJC_ROOT_CLASS = YES_ERROR;
				CLANG_WARN_QUOTED_INCLUDE_IN_FRAMEWORK_HEADER = YES;
				CLANG_WARN_RANGE_LOOP_ANALYSIS = YES;
				CLANG_WARN_STRICT_PROTOTYPES = YES;
				CLANG_WARN_SUSPICIOUS_MOVE = YES;
				CLANG_WARN_UNGUARDED_AVAILABILITY = YES_AGGRESSIVE;
				CLANG_WARN_UNREACHABLE_CODE = YES;
				CLANG_WARN__DUPLICATE_METHOD_MATCH = YES;
				COPY_PHASE_STRIP = NO;
				DEBUG_INFORMATION_FORMAT = dwarf;
				ENABLE_STRICT_OBJC_MSGSEND = YES;
				ENABLE_TESTABILITY = YES;
				GCC_C_LANGUAGE_STANDARD = gnu11;
				GCC_DYNAMIC_NO_PIC = NO;
				GCC_NO_COMMON_BLOCKS = YES;
				GCC_OPTIMIZATION_LEVEL = 0;
				GCC_PREPROCESSOR_DEFINITIONS = (
					"DEBUG=1",
					"$(inherited)",
				);
				GCC_WARN_64_TO_32_BIT_CONVERSION = YES;
				GCC_WARN_ABOUT_RETURN_TYPE = YES_ERROR;
				GCC_WARN_UNDECLARED_SELECTOR = YES;
				GCC_WARN_UNINITIALIZED_AUTOS = YES_AGGRESSIVE;
				GCC_WARN_UNUSED_FUNCTION = YES;
				GCC_WARN_UNUSED_VARIABLE = YES;
				IPHONEOS_DEPLOYMENT_TARGET = 16.2;
				MTL_ENABLE_DEBUG_INFO = INCLUDE_SOURCE;
				MTL_FAST_MATH = YES;
				ONLY_ACTIVE_ARCH = YES;
				SDKROOT = iphoneos;
				SWIFT_ACTIVE_COMPILATION_CONDITIONS = DEBUG;
				SWIFT_OPTIMIZATION_LEVEL = "-Onone";
			};
			name = Debug;
		};
		664A1BFF2985F0B500BE1A14 /* Release */ = {
			isa = XCBuildConfiguration;
			buildSettings = {
				ALWAYS_SEARCH_USER_PATHS = NO;
				CLANG_ANALYZER_NONNULL = YES;
				CLANG_ANALYZER_NUMBER_OBJECT_CONVERSION = YES_AGGRESSIVE;
				CLANG_CXX_LANGUAGE_STANDARD = "gnu++20";
				CLANG_ENABLE_MODULES = YES;
				CLANG_ENABLE_OBJC_ARC = YES;
				CLANG_ENABLE_OBJC_WEAK = YES;
				CLANG_WARN_BLOCK_CAPTURE_AUTORELEASING = YES;
				CLANG_WARN_BOOL_CONVERSION = YES;
				CLANG_WARN_COMMA = YES;
				CLANG_WARN_CONSTANT_CONVERSION = YES;
				CLANG_WARN_DEPRECATED_OBJC_IMPLEMENTATIONS = YES;
				CLANG_WARN_DIRECT_OBJC_ISA_USAGE = YES_ERROR;
				CLANG_WARN_DOCUMENTATION_COMMENTS = YES;
				CLANG_WARN_EMPTY_BODY = YES;
				CLANG_WARN_ENUM_CONVERSION = YES;
				CLANG_WARN_INFINITE_RECURSION = YES;
				CLANG_WARN_INT_CONVERSION = YES;
				CLANG_WARN_NON_LITERAL_NULL_CONVERSION = YES;
				CLANG_WARN_OBJC_IMPLICIT_RETAIN_SELF = YES;
				CLANG_WARN_OBJC_LITERAL_CONVERSION = YES;
				CLANG_WARN_OBJC_ROOT_CLASS = YES_ERROR;
				CLANG_WARN_QUOTED_INCLUDE_IN_FRAMEWORK_HEADER = YES;
				CLANG_WARN_RANGE_LOOP_ANALYSIS = YES;
				CLANG_WARN_STRICT_PROTOTYPES = YES;
				CLANG_WARN_SUSPICIOUS_MOVE = YES;
				CLANG_WARN_UNGUARDED_AVAILABILITY = YES_AGGRESSIVE;
				CLANG_WARN_UNREACHABLE_CODE = YES;
				CLANG_WARN__DUPLICATE_METHOD_MATCH = YES;
				COPY_PHASE_STRIP = NO;
				DEBUG_INFORMATION_FORMAT = "dwarf-with-dsym";
				ENABLE_NS_ASSERTIONS = NO;
				ENABLE_STRICT_OBJC_MSGSEND = YES;
				GCC_C_LANGUAGE_STANDARD = gnu11;
				GCC_NO_COMMON_BLOCKS = YES;
				GCC_WARN_64_TO_32_BIT_CONVERSION = YES;
				GCC_WARN_ABOUT_RETURN_TYPE = YES_ERROR;
				GCC_WARN_UNDECLARED_SELECTOR = YES;
				GCC_WARN_UNINITIALIZED_AUTOS = YES_AGGRESSIVE;
				GCC_WARN_UNUSED_FUNCTION = YES;
				GCC_WARN_UNUSED_VARIABLE = YES;
				IPHONEOS_DEPLOYMENT_TARGET = 16.2;
				MTL_ENABLE_DEBUG_INFO = NO;
				MTL_FAST_MATH = YES;
				SDKROOT = iphoneos;
				SWIFT_COMPILATION_MODE = wholemodule;
				SWIFT_OPTIMIZATION_LEVEL = "-O";
				VALIDATE_PRODUCT = YES;
			};
			name = Release;
		};
		664A1C012985F0B500BE1A14 /* Debug */ = {
			isa = XCBuildConfiguration;
			buildSettings = {
				ASSETCATALOG_COMPILER_APPICON_NAME = AppIcon;
				ASSETCATALOG_COMPILER_GLOBAL_ACCENT_COLOR_NAME = AccentColor;
				CLANG_ENABLE_MODULES = YES;
				CODE_SIGN_STYLE = Automatic;
				CURRENT_PROJECT_VERSION = 1;
				DEVELOPMENT_TEAM = 6TK23TLYP7;
				GENERATE_INFOPLIST_FILE = YES;
				INFOPLIST_FILE = MotionMovieMaker/Info.plist;
				INFOPLIST_KEY_UIApplicationSupportsIndirectInputEvents = YES;
				INFOPLIST_KEY_UILaunchStoryboardName = LaunchScreen;
				INFOPLIST_KEY_UIMainStoryboardFile = Main;
				INFOPLIST_KEY_UISupportedInterfaceOrientations_iPad = "UIInterfaceOrientationPortrait UIInterfaceOrientationPortraitUpsideDown UIInterfaceOrientationLandscapeLeft UIInterfaceOrientationLandscapeRight";
				INFOPLIST_KEY_UISupportedInterfaceOrientations_iPhone = "UIInterfaceOrientationPortrait UIInterfaceOrientationLandscapeLeft UIInterfaceOrientationLandscapeRight";
				LD_RUNPATH_SEARCH_PATHS = (
					"$(inherited)",
					"@executable_path/Frameworks",
				);
				MARKETING_VERSION = 1.0;
				PRODUCT_BUNDLE_IDENTIFIER = ca.adambell.MotionMovieMaker;
				PRODUCT_NAME = "$(TARGET_NAME)";
				SWIFT_EMIT_LOC_STRINGS = YES;
				SWIFT_OBJC_BRIDGING_HEADER = "MotionMovieMaker/MotionMovieMaker-Bridging-Header.h";
				SWIFT_OPTIMIZATION_LEVEL = "-Onone";
				SWIFT_VERSION = 5.0;
				TARGETED_DEVICE_FAMILY = "1,2";
			};
			name = Debug;
		};
		664A1C022985F0B500BE1A14 /* Release */ = {
			isa = XCBuildConfiguration;
			buildSettings = {
				ASSETCATALOG_COMPILER_APPICON_NAME = AppIcon;
				ASSETCATALOG_COMPILER_GLOBAL_ACCENT_COLOR_NAME = AccentColor;
				CLANG_ENABLE_MODULES = YES;
				CODE_SIGN_STYLE = Automatic;
				CURRENT_PROJECT_VERSION = 1;
				DEVELOPMENT_TEAM = 6TK23TLYP7;
				GENERATE_INFOPLIST_FILE = YES;
				INFOPLIST_FILE = MotionMovieMaker/Info.plist;
				INFOPLIST_KEY_UIApplicationSupportsIndirectInputEvents = YES;
				INFOPLIST_KEY_UILaunchStoryboardName = LaunchScreen;
				INFOPLIST_KEY_UIMainStoryboardFile = Main;
				INFOPLIST_KEY_UISupportedInterfaceOrientations_iPad = "UIInterfaceOrientationPortrait UIInterfaceOrientationPortraitUpsideDown UIInterfaceOrientationLandscapeLeft UIInterfaceOrientationLandscapeRight";
				INFOPLIST_KEY_UISupportedInterfaceOrientations_iPhone = "UIInterfaceOrientationPortrait UIInterfaceOrientationLandscapeLeft UIInterfaceOrientationLandscapeRight";
				LD_RUNPATH_SEARCH_PATHS = (
					"$(inherited)",
					"@executable_path/Frameworks",
				);
				MARKETING_VERSION = 1.0;
				PRODUCT_BUNDLE_IDENTIFIER = ca.adambell.MotionMovieMaker;
				PRODUCT_NAME = "$(TARGET_NAME)";
				SWIFT_EMIT_LOC_STRINGS = YES;
				SWIFT_OBJC_BRIDGING_HEADER = "MotionMovieMaker/MotionMovieMaker-Bridging-Header.h";
				SWIFT_VERSION = 5.0;
				TARGETED_DEVICE_FAMILY = "1,2";
			};
			name = Release;
		};
/* End XCBuildConfiguration section */

/* Begin XCConfigurationList section */
		664A1BE72985F0B400BE1A14 /* Build configuration list for PBXProject "MotionMovieMaker" */ = {
			isa = XCConfigurationList;
			buildConfigurations = (
				664A1BFE2985F0B500BE1A14 /* Debug */,
				664A1BFF2985F0B500BE1A14 /* Release */,
			);
			defaultConfigurationIsVisible = 0;
			defaultConfigurationName = Release;
		};
		664A1C002985F0B500BE1A14 /* Build configuration list for PBXNativeTarget "MotionMovieMaker" */ = {
			isa = XCConfigurationList;
			buildConfigurations = (
				664A1C012985F0B500BE1A14 /* Debug */,
				664A1C022985F0B500BE1A14 /* Release */,
			);
			defaultConfigurationIsVisible = 0;
			defaultConfigurationName = Release;
		};
/* End XCConfigurationList section */

/* Begin XCRemoteSwiftPackageReference section */
		664A1C062985F18A00BE1A14 /* XCRemoteSwiftPackageReference "Decomposed" */ = {
			isa = XCRemoteSwiftPackageReference;
			repositoryURL = "https://github.com/b3ll/Decomposed";
			requirement = {
				branch = main;
				kind = branch;
			};
		};
/* End XCRemoteSwiftPackageReference section */

/* Begin XCSwiftPackageProductDependency section */
		664A1C072985F18A00BE1A14 /* Decomposed */ = {
			isa = XCSwiftPackageProductDependency;
			package = 664A1C062985F18A00BE1A14 /* XCRemoteSwiftPackageReference "Decomposed" */;
			productName = Decomposed;
		};
		664A1C0D298743E300BE1A14 /* Motion */ = {
			isa = XCSwiftPackageProductDependency;
			productName = Motion;
		};
/* End XCSwiftPackageProductDependency section */
	};
	rootObject = 664A1BE42985F0B400BE1A14 /* Project object */;
}
