{
  "object": {
    "pins": [
      {
        "package": "swift-argument-parser",
        "repositoryURL": "https://github.com/apple/swift-argument-parser",
        "state": {
          "branch": null,
          "revision": "92646c0cdbaca076c8d3d0207891785b3379cbff",
          "version": "0.3.1"
        }
      },
      {
        "package": "Benchmark",
        "repositoryURL": "https://github.com/google/swift-benchmark",
        "state": {
          "branch": null,
          "revision": "8e0ef8bb7482ab97dcd2cd1d6855bd38921c345d",
          "version": "0.1.0"
        }
      },
      {
        "package": "swift-numerics",
        "repositoryURL": "https://github.com/apple/swift-numerics",
        "state": {
          "branch": null,
          "revision": "6583ac70c326c3ee080c1d42d9ca3361dca816cd",
          "version": "0.1.0"
        }
      }
    ]
  },
  "version": 1
}
